<?xml version="1.0" encoding="utf-8"?>
<Project ToolsVersion="4.0" xmlns="http://schemas.microsoft.com/developer/msbuild/2003">
  <ItemGroup>
    <Filter Include="Source Files">
      <UniqueIdentifier>{4FC737F1-C7A5-4376-A066-2A32D752A2FF}</UniqueIdentifier>
      <Extensions>cpp;c;cc;cxx;c++;cppm;ixx;def;odl;idl;hpj;bat;asm;asmx</Extensions>
    </Filter>
    <Filter Include="Header Files">
      <UniqueIdentifier>{93995380-89BD-4b04-88EB-625FBE52EBFB}</UniqueIdentifier>
      <Extensions>h;hh;hpp;hxx;h++;hm;inl;inc;ipp;xsd</Extensions>
    </Filter>
    <Filter Include="Resource Files">
      <UniqueIdentifier>{67DA6AB6-F800-4c08-8B7A-83BB121AAD01}</UniqueIdentifier>
      <Extensions>rc;ico;cur;bmp;dlg;rc2;rct;bin;rgs;gif;jpg;jpeg;jpe;resx;tiff;tif;png;wav;mfcribbon-ms</Extensions>
    </Filter>
    <Filter Include="Source Files\utils">
      <UniqueIdentifier>{18dabaf3-b013-44c8-bb4c-60c835c72b49}</UniqueIdentifier>
    </Filter>
    <Filter Include="Source Files\solutions">
      <UniqueIdentifier>{a8c61162-6a50-47a0-9f68-74a5537b6d87}</UniqueIdentifier>
    </Filter>
    <Filter Include="Source Files\solutions\day01">
      <UniqueIdentifier>{27750f04-0b4e-453b-b66b-4c0a38e5c788}</UniqueIdentifier>
    </Filter>
    <Filter Include="Source Files\solutions\day02">
      <UniqueIdentifier>{b9b89460-1e4e-4714-90da-ab44b6cf5d55}</UniqueIdentifier>
    </Filter>
    <Filter Include="Source Files\solutions\day03">
      <UniqueIdentifier>{7541829e-6dd0-4551-8d2e-fd01ef57e9cd}</UniqueIdentifier>
    </Filter>
    <Filter Include="Source Files\solutions\day04">
      <UniqueIdentifier>{cee10498-17a5-43cb-b517-fee6670dc3a8}</UniqueIdentifier>
    </Filter>
    <Filter Include="Source Files\solutions\day05">
      <UniqueIdentifier>{60d9c60e-77a4-473a-acc2-53a1e72b4dcd}</UniqueIdentifier>
    </Filter>
    <Filter Include="Source Files\solutions\day06">
      <UniqueIdentifier>{8004673d-8d2f-4090-afad-ef1460c7edf1}</UniqueIdentifier>
    </Filter>
    <Filter Include="Source Files\solutions\day07">
      <UniqueIdentifier>{c21aeafa-bec9-4b98-a254-67171f882df9}</UniqueIdentifier>
    </Filter>
    <Filter Include="Source Files\solutions\day08">
      <UniqueIdentifier>{fb556f68-991d-49df-9749-2b0bf333875a}</UniqueIdentifier>
    </Filter>
    <Filter Include="Source Files\solutions\day09">
      <UniqueIdentifier>{bf817224-7842-480c-891d-f2036a3768b7}</UniqueIdentifier>
    </Filter>
    <Filter Include="Source Files\solutions\day10">
      <UniqueIdentifier>{5ece4c66-3408-429f-9222-0bfd5b6b0a83}</UniqueIdentifier>
    </Filter>
    <Filter Include="Source Files\solutions\day11">
      <UniqueIdentifier>{fe008719-078f-4cf1-8cf3-564705762ed7}</UniqueIdentifier>
    </Filter>
    <Filter Include="Source Files\solutions\day12">
      <UniqueIdentifier>{e6828dd7-92a0-4aa0-83b4-e2710110af39}</UniqueIdentifier>
    </Filter>
    <Filter Include="Source Files\solutions\day13">
      <UniqueIdentifier>{707ff7cf-3044-4470-b984-1a7b1f6bf60a}</UniqueIdentifier>
    </Filter>
    <Filter Include="Source Files\solutions\day14">
      <UniqueIdentifier>{a1140144-d248-4de9-9335-a6cc09e249bb}</UniqueIdentifier>
    </Filter>
    <Filter Include="Source Files\solutions\day15">
      <UniqueIdentifier>{bed80d65-fa87-4881-b46c-a2be533e9aec}</UniqueIdentifier>
    </Filter>
    <Filter Include="Source Files\solutions\day16">
      <UniqueIdentifier>{f1fb0680-3c42-4e14-9852-b08e3cf0d59c}</UniqueIdentifier>
    </Filter>
    <Filter Include="Source Files\solutions\day17">
      <UniqueIdentifier>{efa3bccd-205f-4fba-8619-00c65f87cbe9}</UniqueIdentifier>
    </Filter>
    <Filter Include="Source Files\solutions\day18">
      <UniqueIdentifier>{714dcccf-48c2-4484-8df5-cc327c255c51}</UniqueIdentifier>
    </Filter>
    <Filter Include="Source Files\solutions\day19">
      <UniqueIdentifier>{f0965563-7758-4950-b59d-cf3da98cd1e4}</UniqueIdentifier>
    </Filter>
  </ItemGroup>
  <ItemGroup>
    <ClCompile Include="advc_2023.cpp">
      <Filter>Source Files</Filter>
    </ClCompile>
    <ClCompile Include="utils\input_utils.cpp">
      <Filter>Source Files\utils</Filter>
    </ClCompile>
    <ClCompile Include="solutions\day01\day01.cpp">
      <Filter>Source Files\solutions\day01</Filter>
    </ClCompile>
    <ClCompile Include="solutions\day02\day02.cpp">
      <Filter>Source Files\solutions\day02</Filter>
    </ClCompile>
    <ClCompile Include="solutions\day02\games.cpp">
      <Filter>Source Files\solutions\day02</Filter>
    </ClCompile>
    <ClCompile Include="solutions\day03\day03.cpp">
      <Filter>Source Files\solutions\day03</Filter>
    </ClCompile>
    <ClCompile Include="utils\point.cpp">
      <Filter>Source Files\utils</Filter>
    </ClCompile>
    <ClCompile Include="solutions\day03\gear.cpp">
      <Filter>Source Files\solutions\day03</Filter>
    </ClCompile>
    <ClCompile Include="solutions\day04\day04.cpp">
      <Filter>Source Files\solutions\day04</Filter>
    </ClCompile>
    <ClCompile Include="solutions\day04\cards.cpp">
      <Filter>Source Files\solutions\day04</Filter>
    </ClCompile>
    <ClCompile Include="solutions\day05\day05.cpp">
      <Filter>Source Files\solutions\day05</Filter>
    </ClCompile>
    <ClCompile Include="solutions\day05\convert_maps.cpp">
      <Filter>Source Files\solutions\day05</Filter>
    </ClCompile>
    <ClCompile Include="solutions\day06\day06.cpp">
      <Filter>Source Files\solutions\day06</Filter>
    </ClCompile>
    <ClCompile Include="solutions\day06\record_container.cpp">
      <Filter>Source Files\solutions\day06</Filter>
    </ClCompile>
    <ClCompile Include="solutions\day07\day07.cpp">
      <Filter>Source Files\solutions\day07</Filter>
    </ClCompile>
    <ClCompile Include="solutions\day07\bids_set.cpp">
      <Filter>Source Files\solutions\day07</Filter>
    </ClCompile>
    <ClCompile Include="solutions\day07\hands.cpp">
      <Filter>Source Files\solutions\day07</Filter>
    </ClCompile>
    <ClCompile Include="solutions\day08\day08.cpp">
      <Filter>Source Files\solutions\day08</Filter>
    </ClCompile>
    <ClCompile Include="solutions\day08\navigator.cpp">
      <Filter>Source Files\solutions\day08</Filter>
    </ClCompile>
    <ClCompile Include="solutions\day09\day09.cpp">
      <Filter>Source Files\solutions\day09</Filter>
    </ClCompile>
    <ClCompile Include="solutions\day09\history_container.cpp">
      <Filter>Source Files\solutions\day09</Filter>
    </ClCompile>
    <ClCompile Include="solutions\day10\day10.cpp">
      <Filter>Source Files\solutions\day10</Filter>
    </ClCompile>
    <ClCompile Include="solutions\day10\pipes.cpp">
      <Filter>Source Files\solutions\day10</Filter>
    </ClCompile>
    <ClCompile Include="solutions\day10\tile_type.cpp">
      <Filter>Source Files\solutions\day10</Filter>
    </ClCompile>
    <ClCompile Include="solutions\day11\day11.cpp">
      <Filter>Source Files\solutions\day11</Filter>
    </ClCompile>
    <ClCompile Include="solutions\day11\galaxy.cpp">
      <Filter>Source Files\solutions\day11</Filter>
    </ClCompile>
    <ClCompile Include="solutions\day12\day12.cpp">
      <Filter>Source Files\solutions\day12</Filter>
    </ClCompile>
    <ClCompile Include="solutions\day12\condition_recorder.cpp">
      <Filter>Source Files\solutions\day12</Filter>
    </ClCompile>
    <ClCompile Include="solutions\day12\condition_recorder_parser.cpp">
      <Filter>Source Files\solutions\day12</Filter>
    </ClCompile>
    <ClCompile Include="solutions\day13\patterns.cpp">
      <Filter>Source Files\solutions\day13</Filter>
    </ClCompile>
    <ClCompile Include="solutions\day13\day13.cpp">
      <Filter>Source Files\solutions\day13</Filter>
    </ClCompile>
    <ClCompile Include="solutions\day14\rocks.cpp">
      <Filter>Source Files\solutions\day14</Filter>
    </ClCompile>
    <ClCompile Include="solutions\day14\day14.cpp">
      <Filter>Source Files\solutions\day14</Filter>
    </ClCompile>
    <ClCompile Include="solutions\day15\day15.cpp">
      <Filter>Source Files\solutions\day15</Filter>
    </ClCompile>
    <ClCompile Include="solutions\day15\hash.cpp">
      <Filter>Source Files\solutions\day15</Filter>
    </ClCompile>
    <ClCompile Include="solutions\day16\contraption.cpp">
      <Filter>Source Files\solutions\day16</Filter>
    </ClCompile>
    <ClCompile Include="solutions\day16\day16.cpp">
      <Filter>Source Files\solutions\day16</Filter>
    </ClCompile>
    <ClCompile Include="utils\actor.cpp">
      <Filter>Source Files\utils</Filter>
    </ClCompile>
    <ClCompile Include="solutions\day17\day17.cpp">
      <Filter>Source Files\solutions\day17</Filter>
    </ClCompile>
    <ClCompile Include="solutions\day17\heat_map.cpp">
      <Filter>Source Files\solutions\day17</Filter>
    </ClCompile>
    <ClCompile Include="solutions\day18\day18.cpp">
      <Filter>Source Files\solutions\day18</Filter>
    </ClCompile>
    <ClCompile Include="solutions\day18\dig_plan.cpp">
      <Filter>Source Files\solutions\day18</Filter>
    </ClCompile>
    <ClCompile Include="solutions\day19\day19.cpp">
      <Filter>Source Files\solutions\day19</Filter>
    </ClCompile>
    <ClCompile Include="solutions\day19\rules_system_parser.cpp">
      <Filter>Source Files\solutions\day19</Filter>
    </ClCompile>
    <ClCompile Include="solutions\day19\rules_system.cpp">
      <Filter>Source Files\solutions\day19</Filter>
    </ClCompile>
    <ClCompile Include="solutions\day19\ranges.cpp">
      <Filter>Source Files</Filter>
    </ClCompile>
    <ClCompile Include="solutions\day20\modules.cpp">
      <Filter>Source Files</Filter>
    </ClCompile>
    <ClCompile Include="solutions\day20\day20.cpp">
      <Filter>Source Files</Filter>
    </ClCompile>
    <ClCompile Include="solutions\day21\day21.cpp">
      <Filter>Source Files</Filter>
    </ClCompile>
    <ClCompile Include="solutions\day21\garden.cpp">
      <Filter>Source Files</Filter>
    </ClCompile>
    <ClCompile Include="solutions\day22\day22.cpp">
      <Filter>Source Files</Filter>
    </ClCompile>
    <ClCompile Include="solutions\day22\brick.cpp">
      <Filter>Source Files</Filter>
    </ClCompile>
  </ItemGroup>
  <ItemGroup>
    <ClInclude Include="utils\input_utils.h">
      <Filter>Source Files\utils</Filter>
    </ClInclude>
    <ClInclude Include="solutions\day01\day01.h">
      <Filter>Source Files\solutions\day01</Filter>
    </ClInclude>
    <ClInclude Include="solutions\day02\day02.h">
      <Filter>Source Files\solutions\day02</Filter>
    </ClInclude>
    <ClInclude Include="solutions\day02\games.h">
      <Filter>Source Files\solutions\day02</Filter>
    </ClInclude>
    <ClInclude Include="solutions\day03\day03.h">
      <Filter>Source Files\solutions\day03</Filter>
    </ClInclude>
    <ClInclude Include="utils\grid.h">
      <Filter>Source Files\utils</Filter>
    </ClInclude>
    <ClInclude Include="utils\point.h">
      <Filter>Source Files\utils</Filter>
    </ClInclude>
    <ClInclude Include="solutions\day03\gear.h">
      <Filter>Source Files\solutions\day03</Filter>
    </ClInclude>
    <ClInclude Include="utils\map.h">
      <Filter>Source Files\utils</Filter>
    </ClInclude>
    <ClInclude Include="solutions\day04\day04.h">
      <Filter>Source Files\solutions\day04</Filter>
    </ClInclude>
    <ClInclude Include="solutions\day04\cards.h">
      <Filter>Source Files\solutions\day04</Filter>
    </ClInclude>
    <ClInclude Include="solutions\day05\day05.h">
      <Filter>Source Files\solutions\day05</Filter>
    </ClInclude>
    <ClInclude Include="solutions\day05\convert_maps.h">
      <Filter>Source Files\solutions\day05</Filter>
    </ClInclude>
    <ClInclude Include="solutions\day06\day06.h">
      <Filter>Source Files\solutions\day06</Filter>
    </ClInclude>
    <ClInclude Include="solutions\day06\record_container.h">
      <Filter>Source Files\solutions\day06</Filter>
    </ClInclude>
    <ClInclude Include="solutions\day07\day07.h">
      <Filter>Source Files\solutions\day07</Filter>
    </ClInclude>
    <ClInclude Include="solutions\day07\bids_set.h">
      <Filter>Source Files\solutions\day07</Filter>
    </ClInclude>
    <ClInclude Include="solutions\day07\hands.h">
      <Filter>Source Files\solutions\day07</Filter>
    </ClInclude>
    <ClInclude Include="solutions\day08\day08.h">
      <Filter>Source Files\solutions\day08</Filter>
    </ClInclude>
    <ClInclude Include="solutions\day08\navigator.h">
      <Filter>Source Files\solutions\day08</Filter>
    </ClInclude>
    <ClInclude Include="solutions\day09\day09.h">
      <Filter>Source Files\solutions\day09</Filter>
    </ClInclude>
    <ClInclude Include="solutions\day09\history_container.h">
      <Filter>Source Files\solutions\day09</Filter>
    </ClInclude>
    <ClInclude Include="solutions\day10\day10.h">
      <Filter>Source Files\solutions\day10</Filter>
    </ClInclude>
    <ClInclude Include="solutions\day10\pipes.h">
      <Filter>Source Files\solutions\day10</Filter>
    </ClInclude>
    <ClInclude Include="solutions\day10\tile_type.h">
      <Filter>Source Files\solutions\day10</Filter>
    </ClInclude>
    <ClInclude Include="solutions\day11\day11.h">
      <Filter>Source Files\solutions\day11</Filter>
    </ClInclude>
    <ClInclude Include="solutions\day11\galaxy.h">
      <Filter>Source Files\solutions\day11</Filter>
    </ClInclude>
    <ClInclude Include="solutions\day12\day12.h">
      <Filter>Source Files\solutions\day12</Filter>
    </ClInclude>
    <ClInclude Include="solutions\day12\condition_recorder.h">
      <Filter>Source Files\solutions\day12</Filter>
    </ClInclude>
    <ClInclude Include="solutions\day13\patterns.h">
      <Filter>Source Files\solutions\day13</Filter>
    </ClInclude>
    <ClInclude Include="solutions\day13\day13.h">
      <Filter>Source Files\solutions\day13</Filter>
    </ClInclude>
    <ClInclude Include="solutions\day14\day14.h">
      <Filter>Source Files\solutions\day14</Filter>
    </ClInclude>
    <ClInclude Include="solutions\day14\rocks.h">
      <Filter>Source Files\solutions\day14</Filter>
    </ClInclude>
    <ClInclude Include="solutions\day15\day15.h">
      <Filter>Source Files\solutions\day15</Filter>
    </ClInclude>
    <ClInclude Include="solutions\day15\hash.h">
      <Filter>Source Files\solutions\day15</Filter>
    </ClInclude>
    <ClInclude Include="solutions\day16\contraption.h">
      <Filter>Source Files\solutions\day16</Filter>
    </ClInclude>
    <ClInclude Include="solutions\day16\day16.h">
      <Filter>Source Files\solutions\day16</Filter>
    </ClInclude>
    <ClInclude Include="utils\actor.h">
      <Filter>Source Files\utils</Filter>
    </ClInclude>
    <ClInclude Include="solutions\day17\day17.h">
      <Filter>Source Files\solutions\day17</Filter>
    </ClInclude>
    <ClInclude Include="solutions\day17\heat_map.h">
      <Filter>Source Files\solutions\day17</Filter>
    </ClInclude>
    <ClInclude Include="solutions\day18\day18.h">
      <Filter>Source Files\solutions\day18</Filter>
    </ClInclude>
    <ClInclude Include="solutions\day18\dig_plan.h">
      <Filter>Source Files\solutions\day18</Filter>
    </ClInclude>
    <ClInclude Include="solutions\day19\day19.h">
      <Filter>Source Files\solutions\day19</Filter>
    </ClInclude>
    <ClInclude Include="solutions\day19\rules_system.h">
      <Filter>Source Files\solutions\day19</Filter>
    </ClInclude>
    <ClInclude Include="solutions\day19\ranges.h">
      <Filter>Header Files</Filter>
    </ClInclude>
    <ClInclude Include="solutions\day20\day20.h">
      <Filter>Header Files</Filter>
    </ClInclude>
    <ClInclude Include="solutions\day20\modules.h">
      <Filter>Header Files</Filter>
    </ClInclude>
    <ClInclude Include="solutions\day21\day21.h">
      <Filter>Header Files</Filter>
    </ClInclude>
    <ClInclude Include="solutions\day21\garden.h">
      <Filter>Header Files</Filter>
    </ClInclude>
    <ClInclude Include="solutions\day22\day22.h">
      <Filter>Header Files</Filter>
    </ClInclude>
    <ClInclude Include="solutions\day22\brick.h">
      <Filter>Header Files</Filter>
    </ClInclude>
  </ItemGroup>
</Project>